{
  "version": 1,
  "dependencies": {
    "net10.0": {
      "Microsoft.NET.ILLink.Tasks": {
        "type": "Direct",
        "requested": "[10.0.12, )",
        "resolved": "10.0.12",
        "contentHash": "xi+BDjFpW+Sb+MHFHaH6Y/gV9I8BluFwRXc1QyCdoZbIK26eNiBeFuMTe/FMwc33G1wdHCyDg7CVTmb8OdQrMQ=="
      },
      "OpenXmlPowerTools-Net6": {
        "type": "Direct",
        "requested": "[4.6.25, )",
        "resolved": "4.6.25",
        "contentHash": "9CU6MLsANEX1XqJoaQsEmusJqr0qY9o2RzUdGzI+LAutJyaPsKY9toVLgfnS6wsIfh5dCLniIZQDH4zbn5kd/w==",
        "dependencies": {
          "DocumentFormat.OpenXml": "2.19.0",
          "System.Drawing.Common": "6.0.0",
          "System.IO.Packaging": "6.0.1"
        }
      },
      "ScratchPad.NPOI.HWPF": {
        "type": "Direct",
        "requested": "[2.5.7, )",
        "resolved": "2.5.7",
        "contentHash": "jSZpkbcAK0yaHT5xWs67f44DtOvF86Jqc0FRZAN7uB+9drEnyvq6FaR1x5inSPFTdweRkkT4q5QyEkB9NFMs6A==",
        "dependencies": {
          "NPOI": "2.5.6",
          "SharpZipLib": "1.4.0"
        }
      },
      "DocumentFormat.OpenXml": {
        "type": "Transitive",
        "resolved": "2.19.0",
        "contentHash": "BLFqodowHZHR/A/sKU/6e+63J5ONWDdv8hEuSZOUiBfGFuVmsG9P3o+LMSq+dajNWE1q+lqVSa1H5FuhLX8/fA==",
        "dependencies": {
          "System.IO.Packaging": "4.7.0"
        }
      },
      "Microsoft.Win32.SystemEvents": {
        "type": "Transitive",
        "resolved": "6.0.0",
        "contentHash": "hqTM5628jSsQiv+HGpiq3WKBl2c8v1KZfby2J6Pr7pEPlK9waPdgEO6b8A/+/xn/yZ9ulv8HuqK71ONy2tg67A=="
      },
      "NPOI": {
        "type": "Transitive",
        "resolved": "2.5.6",
        "contentHash": "xQfr09LZN3fr4rjSuV3li+WJUo2LiSg00IUtnomzrKO51zhhavyIgvbZ1f8c8zwHXvRbFc1JB4PNZpxqyxizWw==",
        "dependencies": {
          "Portable.BouncyCastle": "1.8.9",
          "SharpZipLib": "1.3.3",
          "System.Configuration.ConfigurationManager": "4.5.0",
          "System.Drawing.Common": "4.5.0"
        }
      },
      "Portable.BouncyCastle": {
        "type": "Transitive",
        "resolved": "1.8.9",
        "contentHash": "wlJo8aFoeyl+W93iFXTK5ShzDYk5WBqoUPjTNEM0Xv9kn1H+4hmuCjF0/n8HLm9Nnp1aY6KNndWqQTNk+NGgRQ=="
      },
      "SharpZipLib": {
        "type": "Transitive",
        "resolved": "1.4.0",
        "contentHash": "CdkbBSPIpHD8xBlu+8kDJiqc1Tf9iV89BObnqcvEbwysXSj5h1MfaeLgeeaxPZmi7CTJO8FDofBBNxBW0Vml7A=="
      },
      "System.Configuration.ConfigurationManager": {
        "type": "Transitive",
        "resolved": "4.5.0",
        "contentHash": "UIFvaFfuKhLr9u5tWMxmVoDPkFeD+Qv8gUuap4aZgVGYSYMdERck4OhLN/2gulAc0nYTEigWXSJNNWshrmxnng==",
        "dependencies": {
          "System.Security.Cryptography.ProtectedData": "4.5.0",
          "System.Security.Permissions": "4.5.0"
        }
      },
      "System.Drawing.Common": {
        "type": "Transitive",
        "resolved": "6.0.0",
        "contentHash": "NfuoKUiP2nUWwKZN6twGqXioIe1zVD0RIj2t976A+czLHr2nY454RwwXs6JU9Htc6mwqL6Dn/nEL3dpVf2jOhg==",
        "dependencies": {
          "Microsoft.Win32.SystemEvents": "6.0.0"
        }
      },
      "System.IO.Packaging": {
        "type": "Transitive",
        "resolved": "6.0.1",
        "contentHash": "uU8v5JFutuypHiG+4E1jJH+pudE2UBJcKMO4O3bwZBTQn0+K3I2YOh21M6TfQy+Jr8fT2zxTxb9bGqnRxnfo4A=="
      },
      "System.Security.Cryptography.ProtectedData": {
        "type": "Transitive",
        "resolved": "4.5.0",
        "contentHash": "wLBKzFnDCxP12VL9ANydSYhk59fC4cvOr9ypYQLPnAj48NQIhqnjdD2yhP8yEKyBJEjERWS9DisKL7rX5eU25Q=="
      },
      "System.Security.Permissions": {
        "type": "Transitive",
        "resolved": "4.5.0",
        "contentHash": "9gdyuARhUR7H+p5CjyUB/zPk7/Xut3wUSP8NJQB6iZr8L3XUXTMdoLeVAg9N4rqF8oIpE7MpdqHdDHQ7XgJe0g=="
      }
    },
    "net10.0/osx-arm64": {
      "Microsoft.Win32.SystemEvents": {
        "type": "Transitive",
        "resolved": "6.0.0",
        "contentHash": "hqTM5628jSsQiv+HGpiq3WKBl2c8v1KZfby2J6Pr7pEPlK9waPdgEO6b8A/+/xn/yZ9ulv8HuqK71ONy2tg67A=="
      },
      "System.Drawing.Common": {
        "type": "Transitive",
        "resolved": "6.0.0",
        "contentHash": "NfuoKUiP2nUWwKZN6twGqXioIe1zVD0RIj2t976A+czLHr2nY454RwwXs6JU9Htc6mwqL6Dn/nEL3dpVf2jOhg==",
        "dependencies": {
          "Microsoft.Win32.SystemEvents": "6.0.0"
        }
      },
      "System.Security.Cryptography.ProtectedData": {
        "type": "Transitive",
        "resolved": "4.5.0",
        "contentHash": "wLBKzFnDCxP12VL9ANydSYhk59fC4cvOr9ypYQLPnAj48NQIhqnjdD2yhP8yEKyBJEjERWS9DisKL7rX5eU25Q=="
      }
    }
  }
}