// !$*UTF8*$!
{
	archiveVersion = 1;
	classes = {
	};
	objectVersion = 77;
	objects = {

/* Begin PBXBuildFile section */
		0175E8F51AE40328FEDC5CA5 /* SVNClient.swift in Sources */ = {isa = PBXBuildFile; fileRef = 61B3A204B0D9A93BE2FDCDDD /* SVNClient.swift */; };
		09140E503D4E984CDB3B1B60 /* SVNCLIGatewayWriteIntegrationTests.swift in Sources */ = {isa = PBXBuildFile; fileRef = 846C0ED0FF634009F9BBE2F9 /* SVNCLIGatewayWriteIntegrationTests.swift */; };
		095B01C29CA854CE115CE442 /* RepositoryMetadataStoreTests.swift in Sources */ = {isa = PBXBuildFile; fileRef = 30A5B9B2E6BC5B5A5FA47571 /* RepositoryMetadataStoreTests.swift */; };
		0D377F70D14D7CE3454F7B19 /* SVNExecutableResolver.swift in Sources */ = {isa = PBXBuildFile; fileRef = 4343591CDECBF972CA828010 /* SVNExecutableResolver.swift */; };
		1652ED203EF80DFBBCA0C56A /* RepositoryPathTests.swift in Sources */ = {isa = PBXBuildFile; fileRef = 4DA878CC0735BCC2B424541A /* RepositoryPathTests.swift */; };
		1984ACAE0E6E0F7C606332B3 /* main.swift in Sources */ = {isa = PBXBuildFile; fileRef = 878042ECD9C050AB2CECEA25 /* main.swift */; };
		1C097A495013E687DDF0C5A6 /* SVNExecutableResolverTests.swift in Sources */ = {isa = PBXBuildFile; fileRef = 36FDB96A67EE91169EF67E56 /* SVNExecutableResolverTests.swift */; };
		263D14F9BFCC6B15487DBCD9 /* SVNListDTO.swift in Sources */ = {isa = PBXBuildFile; fileRef = 9812E0632CE0B52DBAB37950 /* SVNListDTO.swift */; };
		26B503C161EEA59EDA1CDD8E /* RepositoryProfile.swift in Sources */ = {isa = PBXBuildFile; fileRef = AA43CF1673209AE2C01EAD52 /* RepositoryProfile.swift */; };
		317CDA1B67790500B3C1133C /* RepositoryProfileStore.swift in Sources */ = {isa = PBXBuildFile; fileRef = 3FBA22F2201413ECFCCF4781 /* RepositoryProfileStore.swift */; };
		345AFEF3B48B231507FC8724 /* GRDB in Frameworks */ = {isa = PBXBuildFile; productRef = 6CB5C8861CE6989056676624 /* GRDB */; };
		3684BC275C06F49B70D32CA7 /* SVNCommandRunner.swift in Sources */ = {isa = PBXBuildFile; fileRef = 70280189C97E8E0581F9FCA9 /* SVNCommandRunner.swift */; };
		3B8F91397EDDA2567E92BC28 /* BrowserViewModelTests.swift in Sources */ = {isa = PBXBuildFile; fileRef = BC2E5A7AD6FA777EA58E6016 /* BrowserViewModelTests.swift */; };
		407DA102715F6D50AD28810C /* AppDelegate.swift in Sources */ = {isa = PBXBuildFile; fileRef = AD94A70E7F15469F9AF3BCC2 /* AppDelegate.swift */; };
		4A85AF5FB39BEC5D971D224A /* SVNCLIGatewayTests.swift in Sources */ = {isa = PBXBuildFile; fileRef = 4B98DB54F185585D4B219606 /* SVNCLIGatewayTests.swift */; };
		552C62BA4193CDDD10E1B524 /* CredentialStore.swift in Sources */ = {isa = PBXBuildFile; fileRef = E673DCD3EBB9A96148FA49D3 /* CredentialStore.swift */; };
		81495686A1BCE5C5487904C6 /* RepositoryMetadata.swift in Sources */ = {isa = PBXBuildFile; fileRef = 262679C85CDBF24C3E3B0F85 /* RepositoryMetadata.swift */; };
		85D90CC39D939D01188BFF0F /* svn-list.xml in Resources */ = {isa = PBXBuildFile; fileRef = 4AE805CAA329E88EC808BC83 /* svn-list.xml */; };
		86065D8C02C58EB10FE07973 /* SVNInfoDTO.swift in Sources */ = {isa = PBXBuildFile; fileRef = D2D6C8A4FB68474C80C611C4 /* SVNInfoDTO.swift */; };
		8D4F8E0114B024E673CF2F46 /* XMLCoder in Frameworks */ = {isa = PBXBuildFile; productRef = 8451ACE33D18A207AEFBBF18 /* XMLCoder */; };
		8DD11E655F99ECAF2E211763 /* RepositoryProfileStoreTests.swift in Sources */ = {isa = PBXBuildFile; fileRef = 7525955FB7BEA33A10954D6F /* RepositoryProfileStoreTests.swift */; };
		8F4F0D662AC2217F2F59F703 /* RepositoryBrowsing.swift in Sources */ = {isa = PBXBuildFile; fileRef = 893D85B3948D172AB3BF7797 /* RepositoryBrowsing.swift */; };
		987243D2F72A4BA95FC1D948 /* SettingsViewController.swift in Sources */ = {isa = PBXBuildFile; fileRef = E75F7204B61A174C6EDB3051 /* SettingsViewController.swift */; };
		A308C24E61ECFF81D3A4BD44 /* SidebarItem.swift in Sources */ = {isa = PBXBuildFile; fileRef = AF13EA1D2396CEAF8CC13929 /* SidebarItem.swift */; };
		A6378F914B9AC7E0C1D6B619 /* MainWindowController.swift in Sources */ = {isa = PBXBuildFile; fileRef = 8853766D0C9449E4D540ABB1 /* MainWindowController.swift */; };
		A7F99B6FBA64BAE52ACF848D /* RepositoryConnectionViewController.swift in Sources */ = {isa = PBXBuildFile; fileRef = F40D1F57794C36E2173275B8 /* RepositoryConnectionViewController.swift */; };
		AC395B4349F9C3D412BDD7F1 /* RepositoryEntry.swift in Sources */ = {isa = PBXBuildFile; fileRef = 9589994474D12D5312356C73 /* RepositoryEntry.swift */; };
		B938855309B94FFEEC5D96BF /* RepositoryProfileService.swift in Sources */ = {isa = PBXBuildFile; fileRef = C3B7CED21ABF809F7E324C14 /* RepositoryProfileService.swift */; };
		C14FCD9FBC146DC686060EC5 /* SidebarViewController.swift in Sources */ = {isa = PBXBuildFile; fileRef = E37A8524B89A7A3388BAAF41 /* SidebarViewController.swift */; };
		C2445B147756EF3B90555939 /* RepositoryMetadataStore.swift in Sources */ = {isa = PBXBuildFile; fileRef = 1621A34FC3C409F121F5E1CB /* RepositoryMetadataStore.swift */; };
		C587608B2225CDA0E44D05C9 /* BrowserViewController.swift in Sources */ = {isa = PBXBuildFile; fileRef = 7AD6C5CD5BA4693964D39E5E /* BrowserViewController.swift */; };
		C9A88586B819A6A7147F0107 /* RepositoryProfileDeletionCoordinator.swift in Sources */ = {isa = PBXBuildFile; fileRef = D4100E9876F54E3262536125 /* RepositoryProfileDeletionCoordinator.swift */; };
		D8A220CD8F699D96ACD1AA31 /* SnapKit in Frameworks */ = {isa = PBXBuildFile; productRef = 055BEB5FDD565298B9D05BF7 /* SnapKit */; };
		E1AFA2D4E47F6451DB23D457 /* RepositoryMetadataService.swift in Sources */ = {isa = PBXBuildFile; fileRef = E1FB6F49306028F18D4FA0E9 /* RepositoryMetadataService.swift */; };
		E67E97386EAEAEE99B9084AC /* MainCoordinator.swift in Sources */ = {isa = PBXBuildFile; fileRef = ACB21D996BC136604EFD691A /* MainCoordinator.swift */; };
		EA0BEEB9DBB1BA3390F4C62A /* BrowserViewModel.swift in Sources */ = {isa = PBXBuildFile; fileRef = 450A95C0A941F925A26B85F3 /* BrowserViewModel.swift */; };
		F4D71CB6F1F6153E7B443A8F /* SVNRuntime in Resources */ = {isa = PBXBuildFile; fileRef = 967BF9B9FA8190C897F087C9 /* SVNRuntime */; };
		FD04DD26244EA45A80645D8F /* RepositoryPath.swift in Sources */ = {isa = PBXBuildFile; fileRef = 4D9237E196E1E11361C04D89 /* RepositoryPath.swift */; };
		FD3ED9BF19720FAD2AC4BDCF /* KeychainAccess in Frameworks */ = {isa = PBXBuildFile; productRef = F65BFABADB2F1B98B144FB57 /* KeychainAccess */; };
/* End PBXBuildFile section */

/* Begin PBXContainerItemProxy section */
		6AC79E22E8F0B5A64916E6FC /* PBXContainerItemProxy */ = {
			isa = PBXContainerItemProxy;
			containerPortal = CAB97745B0717202DB2143FE /* Project object */;
			proxyType = 1;
			remoteGlobalIDString = 3D701A952E93E8B12361226E;
			remoteInfo = SVNClient;
		};
/* End PBXContainerItemProxy section */

/* Begin PBXFileReference section */
		1621A34FC3C409F121F5E1CB /* RepositoryMetadataStore.swift */ = {isa = PBXFileReference; lastKnownFileType = sourcecode.swift; path = RepositoryMetadataStore.swift; sourceTree = "<group>"; };
		1BF35251B9E18628C9A9DAD9 /* SVNClientTests.xctest */ = {isa = PBXFileReference; explicitFileType = wrapper.cfbundle; includeInIndex = 0; path = SVNClientTests.xctest; sourceTree = BUILT_PRODUCTS_DIR; };
		262679C85CDBF24C3E3B0F85 /* RepositoryMetadata.swift */ = {isa = PBXFileReference; lastKnownFileType = sourcecode.swift; path = RepositoryMetadata.swift; sourceTree = "<group>"; };
		30A5B9B2E6BC5B5A5FA47571 /* RepositoryMetadataStoreTests.swift */ = {isa = PBXFileReference; lastKnownFileType = sourcecode.swift; path = RepositoryMetadataStoreTests.swift; sourceTree = "<group>"; };
		36FDB96A67EE91169EF67E56 /* SVNExecutableResolverTests.swift */ = {isa = PBXFileReference; lastKnownFileType = sourcecode.swift; path = SVNExecutableResolverTests.swift; sourceTree = "<group>"; };
		3FBA22F2201413ECFCCF4781 /* RepositoryProfileStore.swift */ = {isa = PBXFileReference; lastKnownFileType = sourcecode.swift; path = RepositoryProfileStore.swift; sourceTree = "<group>"; };
		4343591CDECBF972CA828010 /* SVNExecutableResolver.swift */ = {isa = PBXFileReference; lastKnownFileType = sourcecode.swift; path = SVNExecutableResolver.swift; sourceTree = "<group>"; };
		450A95C0A941F925A26B85F3 /* BrowserViewModel.swift */ = {isa = PBXFileReference; lastKnownFileType = sourcecode.swift; path = BrowserViewModel.swift; sourceTree = "<group>"; };
		4AE805CAA329E88EC808BC83 /* svn-list.xml */ = {isa = PBXFileReference; lastKnownFileType = text.xml; path = "svn-list.xml"; sourceTree = "<group>"; };
		4B98DB54F185585D4B219606 /* SVNCLIGatewayTests.swift */ = {isa = PBXFileReference; lastKnownFileType = sourcecode.swift; path = SVNCLIGatewayTests.swift; sourceTree = "<group>"; };
		4D9237E196E1E11361C04D89 /* RepositoryPath.swift */ = {isa = PBXFileReference; lastKnownFileType = sourcecode.swift; path = RepositoryPath.swift; sourceTree = "<group>"; };
		4DA878CC0735BCC2B424541A /* RepositoryPathTests.swift */ = {isa = PBXFileReference; lastKnownFileType = sourcecode.swift; path = RepositoryPathTests.swift; sourceTree = "<group>"; };
		61B3A204B0D9A93BE2FDCDDD /* SVNClient.swift */ = {isa = PBXFileReference; lastKnownFileType = sourcecode.swift; path = SVNClient.swift; sourceTree = "<group>"; };
		6B0C5D5A602706CF0176168A /* SVNClient.app */ = {isa = PBXFileReference; explicitFileType = wrapper.application; includeInIndex = 0; path = SVNClient.app; sourceTree = BUILT_PRODUCTS_DIR; };
		70280189C97E8E0581F9FCA9 /* SVNCommandRunner.swift */ = {isa = PBXFileReference; lastKnownFileType = sourcecode.swift; path = SVNCommandRunner.swift; sourceTree = "<group>"; };
		7525955FB7BEA33A10954D6F /* RepositoryProfileStoreTests.swift */ = {isa = PBXFileReference; lastKnownFileType = sourcecode.swift; path = RepositoryProfileStoreTests.swift; sourceTree = "<group>"; };
		7AD6C5CD5BA4693964D39E5E /* BrowserViewController.swift */ = {isa = PBXFileReference; lastKnownFileType = sourcecode.swift; path = BrowserViewController.swift; sourceTree = "<group>"; };
		846C0ED0FF634009F9BBE2F9 /* SVNCLIGatewayWriteIntegrationTests.swift */ = {isa = PBXFileReference; lastKnownFileType = sourcecode.swift; path = SVNCLIGatewayWriteIntegrationTests.swift; sourceTree = "<group>"; };
		878042ECD9C050AB2CECEA25 /* main.swift */ = {isa = PBXFileReference; lastKnownFileType = sourcecode.swift; path = main.swift; sourceTree = "<group>"; };
		8853766D0C9449E4D540ABB1 /* MainWindowController.swift */ = {isa = PBXFileReference; lastKnownFileType = sourcecode.swift; path = MainWindowController.swift; sourceTree = "<group>"; };
		893D85B3948D172AB3BF7797 /* RepositoryBrowsing.swift */ = {isa = PBXFileReference; lastKnownFileType = sourcecode.swift; path = RepositoryBrowsing.swift; sourceTree = "<group>"; };
		9589994474D12D5312356C73 /* RepositoryEntry.swift */ = {isa = PBXFileReference; lastKnownFileType = sourcecode.swift; path = RepositoryEntry.swift; sourceTree = "<group>"; };
		967BF9B9FA8190C897F087C9 /* SVNRuntime */ = {isa = PBXFileReference; lastKnownFileType = folder; name = SVNRuntime; path = Vendor/SVNRuntime; sourceTree = SOURCE_ROOT; };
		9812E0632CE0B52DBAB37950 /* SVNListDTO.swift */ = {isa = PBXFileReference; lastKnownFileType = sourcecode.swift; path = SVNListDTO.swift; sourceTree = "<group>"; };
		AA43CF1673209AE2C01EAD52 /* RepositoryProfile.swift */ = {isa = PBXFileReference; lastKnownFileType = sourcecode.swift; path = RepositoryProfile.swift; sourceTree = "<group>"; };
		ACB21D996BC136604EFD691A /* MainCoordinator.swift */ = {isa = PBXFileReference; lastKnownFileType = sourcecode.swift; path = MainCoordinator.swift; sourceTree = "<group>"; };
		AD94A70E7F15469F9AF3BCC2 /* AppDelegate.swift */ = {isa = PBXFileReference; lastKnownFileType = sourcecode.swift; path = AppDelegate.swift; sourceTree = "<group>"; };
		AF13EA1D2396CEAF8CC13929 /* SidebarItem.swift */ = {isa = PBXFileReference; lastKnownFileType = sourcecode.swift; path = SidebarItem.swift; sourceTree = "<group>"; };
		BC2E5A7AD6FA777EA58E6016 /* BrowserViewModelTests.swift */ = {isa = PBXFileReference; lastKnownFileType = sourcecode.swift; path = BrowserViewModelTests.swift; sourceTree = "<group>"; };
		C3B7CED21ABF809F7E324C14 /* RepositoryProfileService.swift */ = {isa = PBXFileReference; lastKnownFileType = sourcecode.swift; path = RepositoryProfileService.swift; sourceTree = "<group>"; };
		D2D6C8A4FB68474C80C611C4 /* SVNInfoDTO.swift */ = {isa = PBXFileReference; lastKnownFileType = sourcecode.swift; path = SVNInfoDTO.swift; sourceTree = "<group>"; };
		D4100E9876F54E3262536125 /* RepositoryProfileDeletionCoordinator.swift */ = {isa = PBXFileReference; lastKnownFileType = sourcecode.swift; path = RepositoryProfileDeletionCoordinator.swift; sourceTree = "<group>"; };
		E1FB6F49306028F18D4FA0E9 /* RepositoryMetadataService.swift */ = {isa = PBXFileReference; lastKnownFileType = sourcecode.swift; path = RepositoryMetadataService.swift; sourceTree = "<group>"; };
		E37A8524B89A7A3388BAAF41 /* SidebarViewController.swift */ = {isa = PBXFileReference; lastKnownFileType = sourcecode.swift; path = SidebarViewController.swift; sourceTree = "<group>"; };
		E673DCD3EBB9A96148FA49D3 /* CredentialStore.swift */ = {isa = PBXFileReference; lastKnownFileType = sourcecode.swift; path = CredentialStore.swift; sourceTree = "<group>"; };
		E75F7204B61A174C6EDB3051 /* SettingsViewController.swift */ = {isa = PBXFileReference; lastKnownFileType = sourcecode.swift; path = SettingsViewController.swift; sourceTree = "<group>"; };
		F40D1F57794C36E2173275B8 /* RepositoryConnectionViewController.swift */ = {isa = PBXFileReference; lastKnownFileType = sourcecode.swift; path = RepositoryConnectionViewController.swift; sourceTree = "<group>"; };
/* End PBXFileReference section */

/* Begin PBXFrameworksBuildPhase section */
		701B8B7BCBC1C608F5B553E3 /* Frameworks */ = {
			isa = PBXFrameworksBuildPhase;
			buildActionMask = 2147483647;
			files = (
				D8A220CD8F699D96ACD1AA31 /* SnapKit in Frameworks */,
				8D4F8E0114B024E673CF2F46 /* XMLCoder in Frameworks */,
				345AFEF3B48B231507FC8724 /* GRDB in Frameworks */,
				FD3ED9BF19720FAD2AC4BDCF /* KeychainAccess in Frameworks */,
			);
			runOnlyForDeploymentPostprocessing = 0;
		};
/* End PBXFrameworksBuildPhase section */

/* Begin PBXGroup section */
		07AFC96E1C1EAED2FAA2031A /* SVNClient */ = {
			isa = PBXGroup;
			children = (
				ADB4BAA5A01132FDD899B5AC /* App */,
				4DFCFD6AB0C0C63184CA1ED6 /* Application */,
				71A034E9FBDF9B78D6211DBE /* Domain */,
				AB1DD5DBEB129D79BD8870D5 /* Infrastructure */,
				617CD2C97E80327D0EE46662 /* Presentation */,
			);
			name = SVNClient;
			path = Sources/SVNClient;
			sourceTree = "<group>";
		};
		2A0E39048DD03962B809600A /* Fixtures */ = {
			isa = PBXGroup;
			children = (
				4AE805CAA329E88EC808BC83 /* svn-list.xml */,
			);
			path = Fixtures;
			sourceTree = "<group>";
		};
		375B1A25AE9CD1034B986264 /* Credentials */ = {
			isa = PBXGroup;
			children = (
				E673DCD3EBB9A96148FA49D3 /* CredentialStore.swift */,
			);
			path = Credentials;
			sourceTree = "<group>";
		};
		4DFCFD6AB0C0C63184CA1ED6 /* Application */ = {
			isa = PBXGroup;
			children = (
				893D85B3948D172AB3BF7797 /* RepositoryBrowsing.swift */,
				E1FB6F49306028F18D4FA0E9 /* RepositoryMetadataService.swift */,
				D4100E9876F54E3262536125 /* RepositoryProfileDeletionCoordinator.swift */,
				C3B7CED21ABF809F7E324C14 /* RepositoryProfileService.swift */,
			);
			path = Application;
			sourceTree = "<group>";
		};
		617CD2C97E80327D0EE46662 /* Presentation */ = {
			isa = PBXGroup;
			children = (
				C2CC9A4BADAE3B23B1504E6E /* Browser */,
				8EAD4C9C9D06BCC4F339D855 /* Connection */,
				ABB19AC1E7F1D7A45991A4CE /* Settings */,
				652D70D2758308A9F4CCACDE /* Sidebar */,
			);
			path = Presentation;
			sourceTree = "<group>";
		};
		61B9FE956C71BDE6D9637A0C /* Products */ = {
			isa = PBXGroup;
			children = (
				6B0C5D5A602706CF0176168A /* SVNClient.app */,
				1BF35251B9E18628C9A9DAD9 /* SVNClientTests.xctest */,
			);
			name = Products;
			sourceTree = "<group>";
		};
		62D1F0F0C76584EFBCD6994D /* SVN */ = {
			isa = PBXGroup;
			children = (
				61B3A204B0D9A93BE2FDCDDD /* SVNClient.swift */,
				70280189C97E8E0581F9FCA9 /* SVNCommandRunner.swift */,
				4343591CDECBF972CA828010 /* SVNExecutableResolver.swift */,
				D2D6C8A4FB68474C80C611C4 /* SVNInfoDTO.swift */,
				9812E0632CE0B52DBAB37950 /* SVNListDTO.swift */,
			);
			path = SVN;
			sourceTree = "<group>";
		};
		652D70D2758308A9F4CCACDE /* Sidebar */ = {
			isa = PBXGroup;
			children = (
				AF13EA1D2396CEAF8CC13929 /* SidebarItem.swift */,
				E37A8524B89A7A3388BAAF41 /* SidebarViewController.swift */,
			);
			path = Sidebar;
			sourceTree = "<group>";
		};
		71A034E9FBDF9B78D6211DBE /* Domain */ = {
			isa = PBXGroup;
			children = (
				9589994474D12D5312356C73 /* RepositoryEntry.swift */,
				262679C85CDBF24C3E3B0F85 /* RepositoryMetadata.swift */,
				4D9237E196E1E11361C04D89 /* RepositoryPath.swift */,
				AA43CF1673209AE2C01EAD52 /* RepositoryProfile.swift */,
			);
			path = Domain;
			sourceTree = "<group>";
		};
		74D0595F28377A96E9E1EF40 = {
			isa = PBXGroup;
			children = (
				967BF9B9FA8190C897F087C9 /* SVNRuntime */,
				07AFC96E1C1EAED2FAA2031A /* SVNClient */,
				B11C24D0DF44E148F1C3D88B /* SVNClientTests */,
				61B9FE956C71BDE6D9637A0C /* Products */,
			);
			sourceTree = "<group>";
		};
		8EAD4C9C9D06BCC4F339D855 /* Connection */ = {
			isa = PBXGroup;
			children = (
				F40D1F57794C36E2173275B8 /* RepositoryConnectionViewController.swift */,
			);
			path = Connection;
			sourceTree = "<group>";
		};
		AB1DD5DBEB129D79BD8870D5 /* Infrastructure */ = {
			isa = PBXGroup;
			children = (
				375B1A25AE9CD1034B986264 /* Credentials */,
				B28C77F4E06F84F9636EE30F /* Persistence */,
				62D1F0F0C76584EFBCD6994D /* SVN */,
			);
			path = Infrastructure;
			sourceTree = "<group>";
		};
		ABB19AC1E7F1D7A45991A4CE /* Settings */ = {
			isa = PBXGroup;
			children = (
				E75F7204B61A174C6EDB3051 /* SettingsViewController.swift */,
			);
			path = Settings;
			sourceTree = "<group>";
		};
		ADB4BAA5A01132FDD899B5AC /* App */ = {
			isa = PBXGroup;
			children = (
				AD94A70E7F15469F9AF3BCC2 /* AppDelegate.swift */,
				878042ECD9C050AB2CECEA25 /* main.swift */,
				ACB21D996BC136604EFD691A /* MainCoordinator.swift */,
				8853766D0C9449E4D540ABB1 /* MainWindowController.swift */,
			);
			path = App;
			sourceTree = "<group>";
		};
		B11C24D0DF44E148F1C3D88B /* SVNClientTests */ = {
			isa = PBXGroup;
			children = (
				BC2E5A7AD6FA777EA58E6016 /* BrowserViewModelTests.swift */,
				30A5B9B2E6BC5B5A5FA47571 /* RepositoryMetadataStoreTests.swift */,
				4DA878CC0735BCC2B424541A /* RepositoryPathTests.swift */,
				7525955FB7BEA33A10954D6F /* RepositoryProfileStoreTests.swift */,
				4B98DB54F185585D4B219606 /* SVNCLIGatewayTests.swift */,
				846C0ED0FF634009F9BBE2F9 /* SVNCLIGatewayWriteIntegrationTests.swift */,
				36FDB96A67EE91169EF67E56 /* SVNExecutableResolverTests.swift */,
				2A0E39048DD03962B809600A /* Fixtures */,
			);
			name = SVNClientTests;
			path = Tests/SVNClientTests;
			sourceTree = "<group>";
		};
		B28C77F4E06F84F9636EE30F /* Persistence */ = {
			isa = PBXGroup;
			children = (
				1621A34FC3C409F121F5E1CB /* RepositoryMetadataStore.swift */,
				3FBA22F2201413ECFCCF4781 /* RepositoryProfileStore.swift */,
			);
			path = Persistence;
			sourceTree = "<group>";
		};
		C2CC9A4BADAE3B23B1504E6E /* Browser */ = {
			isa = PBXGroup;
			children = (
				7AD6C5CD5BA4693964D39E5E /* BrowserViewController.swift */,
				450A95C0A941F925A26B85F3 /* BrowserViewModel.swift */,
			);
			path = Browser;
			sourceTree = "<group>";
		};
/* End PBXGroup section */

/* Begin PBXNativeTarget section */
		3D701A952E93E8B12361226E /* SVNClient */ = {
			isa = PBXNativeTarget;
			buildConfigurationList = F0E0C148BF725C2E9125101A /* Build configuration list for PBXNativeTarget "SVNClient" */;
			buildPhases = (
				791F782C15CD6677EAFA2C13 /* Validate bundled SVN runtime */,
				7FAA82A7F79872E9D964FA3A /* Sources */,
				F491243C25B60A85FDAB050B /* Resources */,
				701B8B7BCBC1C608F5B553E3 /* Frameworks */,
				231A12473C34A9AF62E20605 /* Sign bundled SVN runtime */,
			);
			buildRules = (
			);
			dependencies = (
			);
			name = SVNClient;
			packageProductDependencies = (
				055BEB5FDD565298B9D05BF7 /* SnapKit */,
				8451ACE33D18A207AEFBBF18 /* XMLCoder */,
				6CB5C8861CE6989056676624 /* GRDB */,
				F65BFABADB2F1B98B144FB57 /* KeychainAccess */,
			);
			productName = SVNClient;
			productReference = 6B0C5D5A602706CF0176168A /* SVNClient.app */;
			productType = "com.apple.product-type.application";
		};
		B4F9EF659BB5F852F3068A94 /* SVNClientTests */ = {
			isa = PBXNativeTarget;
			buildConfigurationList = B46CB135ED4C46C5A026F683 /* Build configuration list for PBXNativeTarget "SVNClientTests" */;
			buildPhases = (
				08AE2874F5AE62988F68855E /* Sources */,
				F8B11F5329E915063153873B /* Resources */,
			);
			buildRules = (
			);
			dependencies = (
				59C92E3899EA0175AF4BB42A /* PBXTargetDependency */,
			);
			name = SVNClientTests;
			packageProductDependencies = (
			);
			productName = SVNClientTests;
			productReference = 1BF35251B9E18628C9A9DAD9 /* SVNClientTests.xctest */;
			productType = "com.apple.product-type.bundle.unit-test";
		};
/* End PBXNativeTarget section */

/* Begin PBXProject section */
		CAB97745B0717202DB2143FE /* Project object */ = {
			isa = PBXProject;
			attributes = {
				BuildIndependentTargetsInParallel = YES;
				LastUpgradeCheck = 2600;
				TargetAttributes = {
					3D701A952E93E8B12361226E = {
						ProvisioningStyle = Automatic;
					};
				};
			};
			buildConfigurationList = 30C4A69E836FAE05923E4268 /* Build configuration list for PBXProject "SVNClient" */;
			developmentRegion = en;
			hasScannedForEncodings = 0;
			knownRegions = (
				Base,
				en,
			);
			mainGroup = 74D0595F28377A96E9E1EF40;
			minimizedProjectReferenceProxies = 1;
			packageReferences = (
				094E51B9099E7DCDEC68C97A /* XCRemoteSwiftPackageReference "GRDB.swift" */,
				82186F9AA9058DC1618D39E0 /* XCRemoteSwiftPackageReference "KeychainAccess" */,
				078F7FC55263E4FB949BD409 /* XCRemoteSwiftPackageReference "SnapKit" */,
				7388D4380683BBF7407179FB /* XCRemoteSwiftPackageReference "XMLCoder" */,
			);
			preferredProjectObjectVersion = 77;
			productRefGroup = 61B9FE956C71BDE6D9637A0C /* Products */;
			projectDirPath = "";
			projectRoot = "";
			targets = (
				3D701A952E93E8B12361226E /* SVNClient */,
				B4F9EF659BB5F852F3068A94 /* SVNClientTests */,
			);
		};
/* End PBXProject section */

/* Begin PBXResourcesBuildPhase section */
		F491243C25B60A85FDAB050B /* Resources */ = {
			isa = PBXResourcesBuildPhase;
			buildActionMask = 2147483647;
			files = (
				F4D71CB6F1F6153E7B443A8F /* SVNRuntime in Resources */,
			);
			runOnlyForDeploymentPostprocessing = 0;
		};
		F8B11F5329E915063153873B /* Resources */ = {
			isa = PBXResourcesBuildPhase;
			buildActionMask = 2147483647;
			files = (
				85D90CC39D939D01188BFF0F /* svn-list.xml in Resources */,
			);
			runOnlyForDeploymentPostprocessing = 0;
		};
/* End PBXResourcesBuildPhase section */

/* Begin PBXShellScriptBuildPhase section */
		231A12473C34A9AF62E20605 /* Sign bundled SVN runtime */ = {
			isa = PBXShellScriptBuildPhase;
			alwaysOutOfDate = 1;
			buildActionMask = 2147483647;
			files = (
			);
			inputFileListPaths = (
			);
			inputPaths = (
			);
			name = "Sign bundled SVN runtime";
			outputFileListPaths = (
			);
			outputPaths = (
			);
			runOnlyForDeploymentPostprocessing = 0;
			shellPath = /bin/sh;
			shellScript = "if [ \"$CONFIGURATION\" = \"Release\" ] && [ \"$CODE_SIGNING_ALLOWED\" != \"NO\" ]; then\n  RUNTIME_DIR=\"$TARGET_BUILD_DIR/$UNLOCALIZED_RESOURCES_FOLDER_PATH/SVNRuntime\"\n  SIGN_IDENTITY=\"${EXPANDED_CODE_SIGN_IDENTITY:--}\"\n  if [ -d \"$RUNTIME_DIR/lib\" ]; then\n    find \"$RUNTIME_DIR/lib\" -type f -name '*.dylib' -print0 | while IFS= read -r -d '' LIBRARY; do\n      codesign --force --options runtime --sign \"$SIGN_IDENTITY\" \"$LIBRARY\"\n    done\n  fi\n  codesign --force --options runtime --sign \"$SIGN_IDENTITY\" \"$RUNTIME_DIR/bin/svn\"\nfi\n";
		};
		791F782C15CD6677EAFA2C13 /* Validate bundled SVN runtime */ = {
			isa = PBXShellScriptBuildPhase;
			alwaysOutOfDate = 1;
			buildActionMask = 2147483647;
			files = (
			);
			inputFileListPaths = (
			);
			inputPaths = (
			);
			name = "Validate bundled SVN runtime";
			outputFileListPaths = (
			);
			outputPaths = (
			);
			runOnlyForDeploymentPostprocessing = 0;
			shellPath = /bin/sh;
			shellScript = "if [ \"$CONFIGURATION\" = \"Release\" ]; then\n  SVN_RUNTIME=\"$SRCROOT/Vendor/SVNRuntime/bin/svn\"\n  if [ ! -x \"$SVN_RUNTIME\" ]; then\n    echo \"error: Release requires Vendor/SVNRuntime/bin/svn\"\n    exit 1\n  fi\n  if otool -L \"$SVN_RUNTIME\" | grep -E '/opt/homebrew|/usr/local/Cellar' >/dev/null; then\n    echo \"error: Bundled svn contains non-relocatable Homebrew library references\"\n    exit 1\n  fi\nfi\n";
		};
/* End PBXShellScriptBuildPhase section */

/* Begin PBXSourcesBuildPhase section */
		08AE2874F5AE62988F68855E /* Sources */ = {
			isa = PBXSourcesBuildPhase;
			buildActionMask = 2147483647;
			files = (
				3B8F91397EDDA2567E92BC28 /* BrowserViewModelTests.swift in Sources */,
				095B01C29CA854CE115CE442 /* RepositoryMetadataStoreTests.swift in Sources */,
				1652ED203EF80DFBBCA0C56A /* RepositoryPathTests.swift in Sources */,
				8DD11E655F99ECAF2E211763 /* RepositoryProfileStoreTests.swift in Sources */,
				4A85AF5FB39BEC5D971D224A /* SVNCLIGatewayTests.swift in Sources */,
				09140E503D4E984CDB3B1B60 /* SVNCLIGatewayWriteIntegrationTests.swift in Sources */,
				1C097A495013E687DDF0C5A6 /* SVNExecutableResolverTests.swift in Sources */,
			);
			runOnlyForDeploymentPostprocessing = 0;
		};
		7FAA82A7F79872E9D964FA3A /* Sources */ = {
			isa = PBXSourcesBuildPhase;
			buildActionMask = 2147483647;
			files = (
				407DA102715F6D50AD28810C /* AppDelegate.swift in Sources */,
				C587608B2225CDA0E44D05C9 /* BrowserViewController.swift in Sources */,
				EA0BEEB9DBB1BA3390F4C62A /* BrowserViewModel.swift in Sources */,
				552C62BA4193CDDD10E1B524 /* CredentialStore.swift in Sources */,
				E67E97386EAEAEE99B9084AC /* MainCoordinator.swift in Sources */,
				A6378F914B9AC7E0C1D6B619 /* MainWindowController.swift in Sources */,
				8F4F0D662AC2217F2F59F703 /* RepositoryBrowsing.swift in Sources */,
				A7F99B6FBA64BAE52ACF848D /* RepositoryConnectionViewController.swift in Sources */,
				AC395B4349F9C3D412BDD7F1 /* RepositoryEntry.swift in Sources */,
				81495686A1BCE5C5487904C6 /* RepositoryMetadata.swift in Sources */,
				E1AFA2D4E47F6451DB23D457 /* RepositoryMetadataService.swift in Sources */,
				C2445B147756EF3B90555939 /* RepositoryMetadataStore.swift in Sources */,
				FD04DD26244EA45A80645D8F /* RepositoryPath.swift in Sources */,
				26B503C161EEA59EDA1CDD8E /* RepositoryProfile.swift in Sources */,
				C9A88586B819A6A7147F0107 /* RepositoryProfileDeletionCoordinator.swift in Sources */,
				B938855309B94FFEEC5D96BF /* RepositoryProfileService.swift in Sources */,
				317CDA1B67790500B3C1133C /* RepositoryProfileStore.swift in Sources */,
				0175E8F51AE40328FEDC5CA5 /* SVNClient.swift in Sources */,
				3684BC275C06F49B70D32CA7 /* SVNCommandRunner.swift in Sources */,
				0D377F70D14D7CE3454F7B19 /* SVNExecutableResolver.swift in Sources */,
				86065D8C02C58EB10FE07973 /* SVNInfoDTO.swift in Sources */,
				263D14F9BFCC6B15487DBCD9 /* SVNListDTO.swift in Sources */,
				987243D2F72A4BA95FC1D948 /* SettingsViewController.swift in Sources */,
				A308C24E61ECFF81D3A4BD44 /* SidebarItem.swift in Sources */,
				C14FCD9FBC146DC686060EC5 /* SidebarViewController.swift in Sources */,
				1984ACAE0E6E0F7C606332B3 /* main.swift in Sources */,
			);
			runOnlyForDeploymentPostprocessing = 0;
		};
/* End PBXSourcesBuildPhase section */

/* Begin PBXTargetDependency section */
		59C92E3899EA0175AF4BB42A /* PBXTargetDependency */ = {
			isa = PBXTargetDependency;
			target = 3D701A952E93E8B12361226E /* SVNClient */;
			targetProxy = 6AC79E22E8F0B5A64916E6FC /* PBXContainerItemProxy */;
		};
/* End PBXTargetDependency section */

/* Begin XCBuildConfiguration section */
		04900E50F06D7B1485CDE71E /* Release */ = {
			isa = XCBuildConfiguration;
			buildSettings = {
				ASSETCATALOG_COMPILER_APPICON_NAME = AppIcon;
				CODE_SIGN_STYLE = Automatic;
				COMBINE_HIDPI_IMAGES = YES;
				GENERATE_INFOPLIST_FILE = YES;
				INFOPLIST_KEY_CFBundleDisplayName = "SVN Client";
				INFOPLIST_KEY_LSApplicationCategoryType = "public.app-category.business";
				LD_RUNPATH_SEARCH_PATHS = (
					"$(inherited)",
					"@executable_path/../Frameworks",
				);
				PRODUCT_BUNDLE_IDENTIFIER = com.example.svnclient;
				PRODUCT_NAME = SVNClient;
				SDKROOT = macosx;
			};
			name = Release;
		};
		180A049AAD815941AB0D22C0 /* Debug */ = {
			isa = XCBuildConfiguration;
			buildSettings = {
				BUNDLE_LOADER = "$(TEST_HOST)";
				COMBINE_HIDPI_IMAGES = YES;
				GENERATE_INFOPLIST_FILE = YES;
				LD_RUNPATH_SEARCH_PATHS = (
					"$(inherited)",
					"@executable_path/../Frameworks",
					"@loader_path/../Frameworks",
				);
				PRODUCT_BUNDLE_IDENTIFIER = com.example.svnclient.tests;
				SDKROOT = macosx;
				TEST_HOST = "$(BUILT_PRODUCTS_DIR)/SVNClient.app/Contents/MacOS/SVNClient";
			};
			name = Debug;
		};
		311DEE8F1BED21304F31BE1A /* Release */ = {
			isa = XCBuildConfiguration;
			buildSettings = {
				BUNDLE_LOADER = "$(TEST_HOST)";
				COMBINE_HIDPI_IMAGES = YES;
				GENERATE_INFOPLIST_FILE = YES;
				LD_RUNPATH_SEARCH_PATHS = (
					"$(inherited)",
					"@executable_path/../Frameworks",
					"@loader_path/../Frameworks",
				);
				PRODUCT_BUNDLE_IDENTIFIER = com.example.svnclient.tests;
				SDKROOT = macosx;
				TEST_HOST = "$(BUILT_PRODUCTS_DIR)/SVNClient.app/Contents/MacOS/SVNClient";
			};
			name = Release;
		};
		6D461AFEB30C59CCAAEC5FF1 /* Debug */ = {
			isa = XCBuildConfiguration;
			buildSettings = {
				ALWAYS_SEARCH_USER_PATHS = NO;
				CLANG_ANALYZER_NONNULL = YES;
				CLANG_ANALYZER_NUMBER_OBJECT_CONVERSION = YES_AGGRESSIVE;
				CLANG_CXX_LANGUAGE_STANDARD = "gnu++14";
				CLANG_CXX_LIBRARY = "libc++";
				CLANG_ENABLE_MODULES = YES;
				CLANG_ENABLE_OBJC_ARC = YES;
				CLANG_ENABLE_OBJC_WEAK = YES;
				CLANG_WARN_BLOCK_CAPTURE_AUTORELEASING = YES;
				CLANG_WARN_BOOL_CONVERSION = YES;
				CLANG_WARN_COMMA = YES;
				CLANG_WARN_CONSTANT_CONVERSION = YES;
				CLANG_WARN_DEPRECATED_OBJC_IMPLEMENTATIONS = YES;
				CLANG_WARN_DIRECT_OBJC_ISA_USAGE = YES_ERROR;
				CLANG_WARN_DOCUMENTATION_COMMENTS = YES;
				CLANG_WARN_EMPTY_BODY = YES;
				CLANG_WARN_ENUM_CONVERSION = YES;
				CLANG_WARN_INFINITE_RECURSION = YES;
				CLANG_WARN_INT_CONVERSION = YES;
				CLANG_WARN_NON_LITERAL_NULL_CONVERSION = YES;
				CLANG_WARN_OBJC_IMPLICIT_RETAIN_SELF = YES;
				CLANG_WARN_OBJC_LITERAL_CONVERSION = YES;
				CLANG_WARN_OBJC_ROOT_CLASS = YES_ERROR;
				CLANG_WARN_QUOTED_INCLUDE_IN_FRAMEWORK_HEADER = YES;
				CLANG_WARN_RANGE_LOOP_ANALYSIS = YES;
				CLANG_WARN_STRICT_PROTOTYPES = YES;
				CLANG_WARN_SUSPICIOUS_MOVE = YES;
				CLANG_WARN_UNGUARDED_AVAILABILITY = YES_AGGRESSIVE;
				CLANG_WARN_UNREACHABLE_CODE = YES;
				CLANG_WARN__DUPLICATE_METHOD_MATCH = YES;
				COPY_PHASE_STRIP = NO;
				DEBUG_INFORMATION_FORMAT = dwarf;
				ENABLE_STRICT_OBJC_MSGSEND = YES;
				ENABLE_TESTABILITY = YES;
				GCC_C_LANGUAGE_STANDARD = gnu11;
				GCC_DYNAMIC_NO_PIC = NO;
				GCC_NO_COMMON_BLOCKS = YES;
				GCC_OPTIMIZATION_LEVEL = 0;
				GCC_PREPROCESSOR_DEFINITIONS = (
					"$(inherited)",
					"DEBUG=1",
				);
				GCC_WARN_64_TO_32_BIT_CONVERSION = YES;
				GCC_WARN_ABOUT_RETURN_TYPE = YES_ERROR;
				GCC_WARN_UNDECLARED_SELECTOR = YES;
				GCC_WARN_UNINITIALIZED_AUTOS = YES_AGGRESSIVE;
				GCC_WARN_UNUSED_FUNCTION = YES;
				GCC_WARN_UNUSED_VARIABLE = YES;
				MACOSX_DEPLOYMENT_TARGET = 26.0;
				MTL_ENABLE_DEBUG_INFO = INCLUDE_SOURCE;
				MTL_FAST_MATH = YES;
				ONLY_ACTIVE_ARCH = YES;
				PRODUCT_NAME = "$(TARGET_NAME)";
				SDKROOT = macosx;
				SWIFT_ACTIVE_COMPILATION_CONDITIONS = DEBUG;
				SWIFT_OPTIMIZATION_LEVEL = "-Onone";
				SWIFT_STRICT_CONCURRENCY = complete;
				SWIFT_VERSION = 6.0;
			};
			name = Debug;
		};
		AFD160CF2E32EDD49CC9FDEF /* Debug */ = {
			isa = XCBuildConfiguration;
			buildSettings = {
				ASSETCATALOG_COMPILER_APPICON_NAME = AppIcon;
				CODE_SIGN_STYLE = Automatic;
				COMBINE_HIDPI_IMAGES = YES;
				GENERATE_INFOPLIST_FILE = YES;
				INFOPLIST_KEY_CFBundleDisplayName = "SVN Client";
				INFOPLIST_KEY_LSApplicationCategoryType = "public.app-category.business";
				LD_RUNPATH_SEARCH_PATHS = (
					"$(inherited)",
					"@executable_path/../Frameworks",
				);
				PRODUCT_BUNDLE_IDENTIFIER = com.example.svnclient;
				PRODUCT_NAME = SVNClient;
				SDKROOT = macosx;
			};
			name = Debug;
		};
		DB64EBBBA2896059A68DA0AC /* Release */ = {
			isa = XCBuildConfiguration;
			buildSettings = {
				ALWAYS_SEARCH_USER_PATHS = NO;
				CLANG_ANALYZER_NONNULL = YES;
				CLANG_ANALYZER_NUMBER_OBJECT_CONVERSION = YES_AGGRESSIVE;
				CLANG_CXX_LANGUAGE_STANDARD = "gnu++14";
				CLANG_CXX_LIBRARY = "libc++";
				CLANG_ENABLE_MODULES = YES;
				CLANG_ENABLE_OBJC_ARC = YES;
				CLANG_ENABLE_OBJC_WEAK = YES;
				CLANG_WARN_BLOCK_CAPTURE_AUTORELEASING = YES;
				CLANG_WARN_BOOL_CONVERSION = YES;
				CLANG_WARN_COMMA = YES;
				CLANG_WARN_CONSTANT_CONVERSION = YES;
				CLANG_WARN_DEPRECATED_OBJC_IMPLEMENTATIONS = YES;
				CLANG_WARN_DIRECT_OBJC_ISA_USAGE = YES_ERROR;
				CLANG_WARN_DOCUMENTATION_COMMENTS = YES;
				CLANG_WARN_EMPTY_BODY = YES;
				CLANG_WARN_ENUM_CONVERSION = YES;
				CLANG_WARN_INFINITE_RECURSION = YES;
				CLANG_WARN_INT_CONVERSION = YES;
				CLANG_WARN_NON_LITERAL_NULL_CONVERSION = YES;
				CLANG_WARN_OBJC_IMPLICIT_RETAIN_SELF = YES;
				CLANG_WARN_OBJC_LITERAL_CONVERSION = YES;
				CLANG_WARN_OBJC_ROOT_CLASS = YES_ERROR;
				CLANG_WARN_QUOTED_INCLUDE_IN_FRAMEWORK_HEADER = YES;
				CLANG_WARN_RANGE_LOOP_ANALYSIS = YES;
				CLANG_WARN_STRICT_PROTOTYPES = YES;
				CLANG_WARN_SUSPICIOUS_MOVE = YES;
				CLANG_WARN_UNGUARDED_AVAILABILITY = YES_AGGRESSIVE;
				CLANG_WARN_UNREACHABLE_CODE = YES;
				CLANG_WARN__DUPLICATE_METHOD_MATCH = YES;
				COPY_PHASE_STRIP = NO;
				DEBUG_INFORMATION_FORMAT = "dwarf-with-dsym";
				ENABLE_NS_ASSERTIONS = NO;
				ENABLE_STRICT_OBJC_MSGSEND = YES;
				GCC_C_LANGUAGE_STANDARD = gnu11;
				GCC_NO_COMMON_BLOCKS = YES;
				GCC_WARN_64_TO_32_BIT_CONVERSION = YES;
				GCC_WARN_ABOUT_RETURN_TYPE = YES_ERROR;
				GCC_WARN_UNDECLARED_SELECTOR = YES;
				GCC_WARN_UNINITIALIZED_AUTOS = YES_AGGRESSIVE;
				GCC_WARN_UNUSED_FUNCTION = YES;
				GCC_WARN_UNUSED_VARIABLE = YES;
				MACOSX_DEPLOYMENT_TARGET = 26.0;
				MTL_ENABLE_DEBUG_INFO = NO;
				MTL_FAST_MATH = YES;
				PRODUCT_NAME = "$(TARGET_NAME)";
				SDKROOT = macosx;
				SWIFT_COMPILATION_MODE = wholemodule;
				SWIFT_OPTIMIZATION_LEVEL = "-O";
				SWIFT_STRICT_CONCURRENCY = complete;
				SWIFT_VERSION = 6.0;
			};
			name = Release;
		};
/* End XCBuildConfiguration section */

/* Begin XCConfigurationList section */
		30C4A69E836FAE05923E4268 /* Build configuration list for PBXProject "SVNClient" */ = {
			isa = XCConfigurationList;
			buildConfigurations = (
				6D461AFEB30C59CCAAEC5FF1 /* Debug */,
				DB64EBBBA2896059A68DA0AC /* Release */,
			);
			defaultConfigurationIsVisible = 0;
			defaultConfigurationName = Debug;
		};
		B46CB135ED4C46C5A026F683 /* Build configuration list for PBXNativeTarget "SVNClientTests" */ = {
			isa = XCConfigurationList;
			buildConfigurations = (
				180A049AAD815941AB0D22C0 /* Debug */,
				311DEE8F1BED21304F31BE1A /* Release */,
			);
			defaultConfigurationIsVisible = 0;
			defaultConfigurationName = Debug;
		};
		F0E0C148BF725C2E9125101A /* Build configuration list for PBXNativeTarget "SVNClient" */ = {
			isa = XCConfigurationList;
			buildConfigurations = (
				AFD160CF2E32EDD49CC9FDEF /* Debug */,
				04900E50F06D7B1485CDE71E /* Release */,
			);
			defaultConfigurationIsVisible = 0;
			defaultConfigurationName = Debug;
		};
/* End XCConfigurationList section */

/* Begin XCRemoteSwiftPackageReference section */
		078F7FC55263E4FB949BD409 /* XCRemoteSwiftPackageReference "SnapKit" */ = {
			isa = XCRemoteSwiftPackageReference;
			repositoryURL = "https://github.com/SnapKit/SnapKit.git";
			requirement = {
				kind = upToNextMajorVersion;
				minimumVersion = 6.0.0;
			};
		};
		094E51B9099E7DCDEC68C97A /* XCRemoteSwiftPackageReference "GRDB.swift" */ = {
			isa = XCRemoteSwiftPackageReference;
			repositoryURL = "https://github.com/groue/GRDB.swift.git";
			requirement = {
				kind = upToNextMajorVersion;
				minimumVersion = 7.0.0;
			};
		};
		7388D4380683BBF7407179FB /* XCRemoteSwiftPackageReference "XMLCoder" */ = {
			isa = XCRemoteSwiftPackageReference;
			repositoryURL = "https://github.com/CoreOffice/XMLCoder.git";
			requirement = {
				kind = upToNextMajorVersion;
				minimumVersion = 0.17.0;
			};
		};
		82186F9AA9058DC1618D39E0 /* XCRemoteSwiftPackageReference "KeychainAccess" */ = {
			isa = XCRemoteSwiftPackageReference;
			repositoryURL = "https://github.com/kishikawakatsumi/KeychainAccess.git";
			requirement = {
				kind = upToNextMajorVersion;
				minimumVersion = 4.2.2;
			};
		};
/* End XCRemoteSwiftPackageReference section */

/* Begin XCSwiftPackageProductDependency section */
		055BEB5FDD565298B9D05BF7 /* SnapKit */ = {
			isa = XCSwiftPackageProductDependency;
			package = 078F7FC55263E4FB949BD409 /* XCRemoteSwiftPackageReference "SnapKit" */;
			productName = SnapKit;
		};
		6CB5C8861CE6989056676624 /* GRDB */ = {
			isa = XCSwiftPackageProductDependency;
			package = 094E51B9099E7DCDEC68C97A /* XCRemoteSwiftPackageReference "GRDB.swift" */;
			productName = GRDB;
		};
		8451ACE33D18A207AEFBBF18 /* XMLCoder */ = {
			isa = XCSwiftPackageProductDependency;
			package = 7388D4380683BBF7407179FB /* XCRemoteSwiftPackageReference "XMLCoder" */;
			productName = XMLCoder;
		};
		F65BFABADB2F1B98B144FB57 /* KeychainAccess */ = {
			isa = XCSwiftPackageProductDependency;
			package = 82186F9AA9058DC1618D39E0 /* XCRemoteSwiftPackageReference "KeychainAccess" */;
			productName = KeychainAccess;
		};
/* End XCSwiftPackageProductDependency section */
	};
	rootObject = CAB97745B0717202DB2143FE /* Project object */;
}
